// !$*UTF8*$!
{
	archiveVersion = 1;
	classes = {
	};
	objectVersion = 50;
	objects = {

/* Begin PBXBuildFile section */
		C10ECBB52240E5FA005533FB /* AppDelegate.swift in Sources */ = {isa = PBXBuildFile; fileRef = C10ECBB42240E5FA005533FB /* AppDelegate.swift */; };
		C10ECBB72240E5FA005533FB /* ViewController.swift in Sources */ = {isa = PBXBuildFile; fileRef = C10ECBB62240E5FA005533FB /* ViewController.swift */; };
		C10ECBBA2240E5FA005533FB /* Main.storyboard in Resources */ = {isa = PBXBuildFile; fileRef = C10ECBB82240E5FA005533FB /* Main.storyboard */; };
		C10ECBBC2240E5FB005533FB /* Assets.xcassets in Resources */ = {isa = PBXBuildFile; fileRef = C10ECBBB2240E5FB005533FB /* Assets.xcassets */; };
		C10ECBBF2240E5FB005533FB /* LaunchScreen.storyboard in Resources */ = {isa = PBXBuildFile; fileRef = C10ECBBD2240E5FB005533FB /* LaunchScreen.storyboard */; };
		C10ECBCA2240E5FB005533FB /* essaiTraTests.swift in Sources */ = {isa = PBXBuildFile; fileRef = C10ECBC92240E5FB005533FB /* essaiTraTests.swift */; };
/* End PBXBuildFile section */

/* Begin PBXContainerItemProxy section */
		C10ECBC62240E5FB005533FB /* PBXContainerItemProxy */ = {
			isa = PBXContainerItemProxy;
			containerPortal = C10ECBA92240E5F9005533FB /* Project object */;
			proxyType = 1;
			remoteGlobalIDString = C10ECBB02240E5FA005533FB;
			remoteInfo = essaiTra;
		};
/* End PBXContainerItemProxy section */

/* Begin PBXFileReference section */
		C10ECBB12240E5FA005533FB /* essaiTra.app */ = {isa = PBXFileReference; explicitFileType = wrapper.application; includeInIndex = 0; path = essaiTra.app; sourceTree = BUILT_PRODUCTS_DIR; };
		C10ECBB42240E5FA005533FB /* AppDelegate.swift */ = {isa = PBXFileReference; lastKnownFileType = sourcecode.swift; path = AppDelegate.swift; sourceTree = "<group>"; };
		C10ECBB62240E5FA005533FB /* ViewController.swift */ = {isa = PBXFileReference; lastKnownFileType = sourcecode.swift; path = ViewController.swift; sourceTree = "<group>"; };
		C10ECBB92240E5FA005533FB /* Base */ = {isa = PBXFileReference; lastKnownFileType = file.storyboard; name = Base; path = Base.lproj/Main.storyboard; sourceTree = "<group>"; };
		C10ECBBB2240E5FB005533FB /* Assets.xcassets */ = {isa = PBXFileReference; lastKnownFileType = folder.assetcatalog; path = Assets.xcassets; sourceTree = "<group>"; };
		C10ECBBE2240E5FB005533FB /* Base */ = {isa = PBXFileReference; lastKnownFileType = file.storyboard; name = Base; path = Base.lproj/LaunchScreen.storyboard; sourceTree = "<group>"; };
		C10ECBC02240E5FB005533FB /* Info.plist */ = {isa = PBXFileReference; lastKnownFileType = text.plist.xml; path = Info.plist; sourceTree = "<group>"; };
		C10ECBC52240E5FB005533FB /* essaiTraTests.xctest */ = {isa = PBXFileReference; explicitFileType = wrapper.cfbundle; includeInIndex = 0; path = essaiTraTests.xctest; sourceTree = BUILT_PRODUCTS_DIR; };
		C10ECBC92240E5FB005533FB /* essaiTraTests.swift */ = {isa = PBXFileReference; lastKnownFileType = sourcecode.swift; path = essaiTraTests.swift; sourceTree = "<group>"; };
		C10ECBCB2240E5FB005533FB /* Info.plist */ = {isa = PBXFileReference; lastKnownFileType = text.plist.xml; path = Info.plist; sourceTree = "<group>"; };
/* End PBXFileReference section */

/* Begin PBXFrameworksBuildPhase section */
		C10ECBAE2240E5FA005533FB /* Frameworks */ = {
			isa = PBXFrameworksBuildPhase;
			buildActionMask = 2147483647;
			files = (
			);
			runOnlyForDeploymentPostprocessing = 0;
		};
		C10ECBC22240E5FB005533FB /* Frameworks */ = {
			isa = PBXFrameworksBuildPhase;
			buildActionMask = 2147483647;
			files = (
			);
			runOnlyForDeploymentPostprocessing = 0;
		};
/* End PBXFrameworksBuildPhase section */

/* Begin PBXGroup section */
		C10ECBA82240E5F9005533FB = {
			isa = PBXGroup;
			children = (
				C10ECBB32240E5FA005533FB /* essaiTra */,
				C10ECBC82240E5FB005533FB /* essaiTraTests */,
				C10ECBB22240E5FA005533FB /* Products */,
			);
			sourceTree = "<group>";
		};
		C10ECBB22240E5FA005533FB /* Products */ = {
			isa = PBXGroup;
			children = (
				C10ECBB12240E5FA005533FB /* essaiTra.app */,
				C10ECBC52240E5FB005533FB /* essaiTraTests.xctest */,
			);
			name = Products;
			sourceTree = "<group>";
		};
		C10ECBB32240E5FA005533FB /* essaiTra */ = {
			isa = PBXGroup;
			children = (
				C10ECBB42240E5FA005533FB /* AppDelegate.swift */,
				C10ECBB62240E5FA005533FB /* ViewController.swift */,
				C10ECBB82240E5FA005533FB /* Main.storyboard */,
				C10ECBBB2240E5FB005533FB /* Assets.xcassets */,
				C10ECBBD2240E5FB005533FB /* LaunchScreen.storyboard */,
				C10ECBC02240E5FB005533FB /* Info.plist */,
			);
			path = essaiTra;
			sourceTree = "<group>";
		};
		C10ECBC82240E5FB005533FB /* essaiTraTests */ = {
			isa = PBXGroup;
			children = (
				C10ECBC92240E5FB005533FB /* essaiTraTests.swift */,
				C10ECBCB2240E5FB005533FB /* Info.plist */,
			);
			path = essaiTraTests;
			sourceTree = "<group>";
		};
/* End PBXGroup section */

/* Begin PBXNativeTarget section */
		C10ECBB02240E5FA005533FB /* essaiTra */ = {
			isa = PBXNativeTarget;
			buildConfigurationList = C10ECBCE2240E5FB005533FB /* Build configuration list for PBXNativeTarget "essaiTra" */;
			buildPhases = (
				C10ECBAD2240E5FA005533FB /* Sources */,
				C10ECBAE2240E5FA005533FB /* Frameworks */,
				C10ECBAF2240E5FA005533FB /* Resources */,
			);
			buildRules = (
			);
			dependencies = (
			);
			name = essaiTra;
			productName = essaiTra;
			productReference = C10ECBB12240E5FA005533FB /* essaiTra.app */;
			productType = "com.apple.product-type.application";
		};
		C10ECBC42240E5FB005533FB /* essaiTraTests */ = {
			isa = PBXNativeTarget;
			buildConfigurationList = C10ECBD12240E5FB005533FB /* Build configuration list for PBXNativeTarget "essaiTraTests" */;
			buildPhases = (
				C10ECBC12240E5FB005533FB /* Sources */,
				C10ECBC22240E5FB005533FB /* Frameworks */,
				C10ECBC32240E5FB005533FB /* Resources */,
			);
			buildRules = (
			);
			dependencies = (
				C10ECBC72240E5FB005533FB /* PBXTargetDependency */,
			);
			name = essaiTraTests;
			productName = essaiTraTests;
			productReference = C10ECBC52240E5FB005533FB /* essaiTraTests.xctest */;
			productType = "com.apple.product-type.bundle.unit-test";
		};
/* End PBXNativeTarget section */

/* Begin PBXProject section */
		C10ECBA92240E5F9005533FB /* Project object */ = {
			isa = PBXProject;
			attributes = {
				LastSwiftUpdateCheck = 1010;
				LastUpgradeCheck = 1010;
				ORGANIZATIONNAME = Jery;
				TargetAttributes = {
					C10ECBB02240E5FA005533FB = {
						CreatedOnToolsVersion = 10.1;
					};
					C10ECBC42240E5FB005533FB = {
						CreatedOnToolsVersion = 10.1;
						TestTargetID = C10ECBB02240E5FA005533FB;
					};
				};
			};
			buildConfigurationList = C10ECBAC2240E5F9005533FB /* Build configuration list for PBXProject "essaiTra" */;
			compatibilityVersion = "Xcode 9.3";
			developmentRegion = en;
			hasScannedForEncodings = 0;
			knownRegions = (
				en,
				Base,
			);
			mainGroup = C10ECBA82240E5F9005533FB;
			productRefGroup = C10ECBB22240E5FA005533FB /* Products */;
			projectDirPath = "";
			projectRoot = "";
			targets = (
				C10ECBB02240E5FA005533FB /* essaiTra */,
				C10ECBC42240E5FB005533FB /* essaiTraTests */,
			);
		};
/* End PBXProject section */

/* Begin PBXResourcesBuildPhase section */
		C10ECBAF2240E5FA005533FB /* Resources */ = {
			isa = PBXResourcesBuildPhase;
			buildActionMask = 2147483647;
			files = (
				C10ECBBF2240E5FB005533FB /* LaunchScreen.storyboard in Resources */,
				C10ECBBC2240E5FB005533FB /* Assets.xcassets in Resources */,
				C10ECBBA2240E5FA005533FB /* Main.storyboard in Resources */,
			);
			runOnlyForDeploymentPostprocessing = 0;
		};
		C10ECBC32240E5FB005533FB /* Resources */ = {
			isa = PBXResourcesBuildPhase;
			buildActionMask = 2147483647;
			files = (
			);
			runOnlyForDeploymentPostprocessing = 0;
		};
/* End PBXResourcesBuildPhase section */

/* Begin PBXSourcesBuildPhase section */
		C10ECBAD2240E5FA005533FB /* Sources */ = {
			isa = PBXSourcesBuildPhase;
			buildActionMask = 2147483647;
			files = (
				C10ECBB72240E5FA005533FB /* ViewController.swift in Sources */,
				C10ECBB52240E5FA005533FB /* AppDelegate.swift in Sources */,
			);
			runOnlyForDeploymentPostprocessing = 0;
		};
		C10ECBC12240E5FB005533FB /* Sources */ = {
			isa = PBXSourcesBuildPhase;
			buildActionMask = 2147483647;
			files = (
				C10ECBCA2240E5FB005533FB /* essaiTraTests.swift in Sources */,
			);
			runOnlyForDeploymentPostprocessing = 0;
		};
/* End PBXSourcesBuildPhase section */

/* Begin PBXTargetDependency section */
		C10ECBC72240E5FB005533FB /* PBXTargetDependency */ = {
			isa = PBXTargetDependency;
			target = C10ECBB02240E5FA005533FB /* essaiTra */;
			targetProxy = C10ECBC62240E5FB005533FB /* PBXContainerItemProxy */;
		};
/* End PBXTargetDependency section */

/* Begin PBXVariantGroup section */
		C10ECBB82240E5FA005533FB /* Main.storyboard */ = {
			isa = PBXVariantGroup;
			children = (
				C10ECBB92240E5FA005533FB /* Base */,
			);
			name = Main.storyboard;
			sourceTree = "<group>";
		};
		C10ECBBD2240E5FB005533FB /* LaunchScreen.storyboard */ = {
			isa = PBXVariantGroup;
			children = (
				C10ECBBE2240E5FB005533FB /* Base */,
			);
			name = LaunchScreen.storyboard;
			sourceTree = "<group>";
		};
/* End PBXVariantGroup section */

/* Begin XCBuildConfiguration section */
		C10ECBCC2240E5FB005533FB /* Debug */ = {
			isa = XCBuildConfiguration;
			buildSettings = {
				ALWAYS_SEARCH_USER_PATHS = NO;
				CLANG_ANALYZER_NONNULL = YES;
				CLANG_ANALYZER_NUMBER_OBJECT_CONVERSION = YES_AGGRESSIVE;
				CLANG_CXX_LANGUAGE_STANDARD = "gnu++14";
				CLANG_CXX_LIBRARY = "libc++";
				CLANG_ENABLE_MODULES = YES;
				CLANG_ENABLE_OBJC_ARC = YES;
				CLANG_ENABLE_OBJC_WEAK = YES;
				CLANG_WARN_BLOCK_CAPTURE_AUTORELEASING = YES;
				CLANG_WARN_BOOL_CONVERSION = YES;
				CLANG_WARN_COMMA = YES;
				CLANG_WARN_CONSTANT_CONVERSION = YES;
				CLANG_WARN_DEPRECATED_OBJC_IMPLEMENTATIONS = YES;
				CLANG_WARN_DIRECT_OBJC_ISA_USAGE = YES_ERROR;
				CLANG_WARN_DOCUMENTATION_COMMENTS = YES;
				CLANG_WARN_EMPTY_BODY = YES;
				CLANG_WARN_ENUM_CONVERSION = YES;
				CLANG_WARN_INFINITE_RECURSION = YES;
				CLANG_WARN_INT_CONVERSION = YES;
				CLANG_WARN_NON_LITERAL_NULL_CONVERSION = YES;
				CLANG_WARN_OBJC_IMPLICIT_RETAIN_SELF = YES;
				CLANG_WARN_OBJC_LITERAL_CONVERSION = YES;
				CLANG_WARN_OBJC_ROOT_CLASS = YES_ERROR;
				CLANG_WARN_RANGE_LOOP_ANALYSIS = YES;
				CLANG_WARN_STRICT_PROTOTYPES = YES;
				CLANG_WARN_SUSPICIOUS_MOVE = YES;
				CLANG_WARN_UNGUARDED_AVAILABILITY = YES_AGGRESSIVE;
				CLANG_WARN_UNREACHABLE_CODE = YES;
				CLANG_WARN__DUPLICATE_METHOD_MATCH = YES;
				CODE_SIGN_IDENTITY = "iPhone Developer";
				COPY_PHASE_STRIP = NO;
				DEBUG_INFORMATION_FORMAT = dwarf;
				ENABLE_STRICT_OBJC_MSGSEND = YES;
				ENABLE_TESTABILITY = YES;
				GCC_C_LANGUAGE_STANDARD = gnu11;
				GCC_DYNAMIC_NO_PIC = NO;
				GCC_NO_COMMON_BLOCKS = YES;
				GCC_OPTIMIZATION_LEVEL = 0;
				GCC_PREPROCESSOR_DEFINITIONS = (
					"DEBUG=1",
					"$(inherited)",
				);
				GCC_WARN_64_TO_32_BIT_CONVERSION = YES;
				GCC_WARN_ABOUT_RETURN_TYPE = YES_ERROR;
				GCC_WARN_UNDECLARED_SELECTOR = YES;
				GCC_WARN_UNINITIALIZED_AUTOS = YES_AGGRESSIVE;
				GCC_WARN_UNUSED_FUNCTION = YES;
				GCC_WARN_UNUSED_VARIABLE = YES;
				IPHONEOS_DEPLOYMENT_TARGET = 12.1;
				MTL_ENABLE_DEBUG_INFO = INCLUDE_SOURCE;
				MTL_FAST_MATH = YES;
				ONLY_ACTIVE_ARCH = YES;
				SDKROOT = iphoneos;
				SWIFT_ACTIVE_COMPILATION_CONDITIONS = DEBUG;
				SWIFT_OPTIMIZATION_LEVEL = "-Onone";
			};
			name = Debug;
		};
		C10ECBCD2240E5FB005533FB /* Release */ = {
			isa = XCBuildConfiguration;
			buildSettings = {
				ALWAYS_SEARCH_USER_PATHS = NO;
				CLANG_ANALYZER_NONNULL = YES;
				CLANG_ANALYZER_NUMBER_OBJECT_CONVERSION = YES_AGGRESSIVE;
				CLANG_CXX_LANGUAGE_STANDARD = "gnu++14";
				CLANG_CXX_LIBRARY = "libc++";
				CLANG_ENABLE_MODULES = YES;
				CLANG_ENABLE_OBJC_ARC = YES;
				CLANG_ENABLE_OBJC_WEAK = YES;
				CLANG_WARN_BLOCK_CAPTURE_AUTORELEASING = YES;
				CLANG_WARN_BOOL_CONVERSION = YES;
				CLANG_WARN_COMMA = YES;
				CLANG_WARN_CONSTANT_CONVERSION = YES;
				CLANG_WARN_DEPRECATED_OBJC_IMPLEMENTATIONS = YES;
				CLANG_WARN_DIRECT_OBJC_ISA_USAGE = YES_ERROR;
				CLANG_WARN_DOCUMENTATION_COMMENTS = YES;
				CLANG_WARN_EMPTY_BODY = YES;
				CLANG_WARN_ENUM_CONVERSION = YES;
				CLANG_WARN_INFINITE_RECURSION = YES;
				CLANG_WARN_INT_CONVERSION = YES;
				CLANG_WARN_NON_LITERAL_NULL_CONVERSION = YES;
				CLANG_WARN_OBJC_IMPLICIT_RETAIN_SELF = YES;
				CLANG_WARN_OBJC_LITERAL_CONVERSION = YES;
				CLANG_WARN_OBJC_ROOT_CLASS = YES_ERROR;
				CLANG_WARN_RANGE_LOOP_ANALYSIS = YES;
				CLANG_WARN_STRICT_PROTOTYPES = YES;
				CLANG_WARN_SUSPICIOUS_MOVE = YES;
				CLANG_WARN_UNGUARDED_AVAILABILITY = YES_AGGRESSIVE;
				CLANG_WARN_UNREACHABLE_CODE = YES;
				CLANG_WARN__DUPLICATE_METHOD_MATCH = YES;
				CODE_SIGN_IDENTITY = "iPhone Developer";
				COPY_PHASE_STRIP = NO;
				DEBUG_INFORMATION_FORMAT = "dwarf-with-dsym";
				ENABLE_NS_ASSERTIONS = NO;
				ENABLE_STRICT_OBJC_MSGSEND = YES;
				GCC_C_LANGUAGE_STANDARD = gnu11;
				GCC_NO_COMMON_BLOCKS = YES;
				GCC_WARN_64_TO_32_BIT_CONVERSION = YES;
				GCC_WARN_ABOUT_RETURN_TYPE = YES_ERROR;
				GCC_WARN_UNDECLARED_SELECTOR = YES;
				GCC_WARN_UNINITIALIZED_AUTOS = YES_AGGRESSIVE;
				GCC_WARN_UNUSED_FUNCTION = YES;
				GCC_WARN_UNUSED_VARIABLE = YES;
				IPHONEOS_DEPLOYMENT_TARGET = 12.1;
				MTL_ENABLE_DEBUG_INFO = NO;
				MTL_FAST_MATH = YES;
				SDKROOT = iphoneos;
				SWIFT_COMPILATION_MODE = wholemodule;
				SWIFT_OPTIMIZATION_LEVEL = "-O";
				VALIDATE_PRODUCT = YES;
			};
			name = Release;
		};
		C10ECBCF2240E5FB005533FB /* Debug */ = {
			isa = XCBuildConfiguration;
			buildSettings = {
				ASSETCATALOG_COMPILER_APPICON_NAME = AppIcon;
				CODE_SIGN_STYLE = Automatic;
				DEVELOPMENT_TEAM = J79Y624FJX;
				INFOPLIST_FILE = essaiTra/Info.plist;
				LD_RUNPATH_SEARCH_PATHS = (
					"$(inherited)",
					"@executable_path/Frameworks",
				);
				PRODUCT_BUNDLE_IDENTIFIER = devdreams.essaiTra;
				PRODUCT_NAME = "$(TARGET_NAME)";
				SWIFT_VERSION = 4.2;
				TARGETED_DEVICE_FAMILY = "1,2";
			};
			name = Debug;
		};
		C10ECBD02240E5FB005533FB /* Release */ = {
			isa = XCBuildConfiguration;
			buildSettings = {
				ASSETCATALOG_COMPILER_APPICON_NAME = AppIcon;
				CODE_SIGN_STYLE = Automatic;
				DEVELOPMENT_TEAM = J79Y624FJX;
				INFOPLIST_FILE = essaiTra/Info.plist;
				LD_RUNPATH_SEARCH_PATHS = (
					"$(inherited)",
					"@executable_path/Frameworks",
				);
				PRODUCT_BUNDLE_IDENTIFIER = devdreams.essaiTra;
				PRODUCT_NAME = "$(TARGET_NAME)";
				SWIFT_VERSION = 4.2;
				TARGETED_DEVICE_FAMILY = "1,2";
			};
			name = Release;
		};
		C10ECBD22240E5FB005533FB /* Debug */ = {
			isa = XCBuildConfiguration;
			buildSettings = {
				ALWAYS_EMBED_SWIFT_STANDARD_LIBRARIES = YES;
				BUNDLE_LOADER = "$(TEST_HOST)";
				CODE_SIGN_STYLE = Automatic;
				DEVELOPMENT_TEAM = J79Y624FJX;
				INFOPLIST_FILE = essaiTraTests/Info.plist;
				LD_RUNPATH_SEARCH_PATHS = (
					"$(inherited)",
					"@executable_path/Frameworks",
					"@loader_path/Frameworks",
				);
				PRODUCT_BUNDLE_IDENTIFIER = devdreams.essaiTraTests;
				PRODUCT_NAME = "$(TARGET_NAME)";
				SWIFT_VERSION = 4.2;
				TARGETED_DEVICE_FAMILY = "1,2";
				TEST_HOST = "$(BUILT_PRODUCTS_DIR)/essaiTra.app/essaiTra";
			};
			name = Debug;
		};
		C10ECBD32240E5FB005533FB /* Release */ = {
			isa = XCBuildConfiguration;
			buildSettings = {
				ALWAYS_EMBED_SWIFT_STANDARD_LIBRARIES = YES;
				BUNDLE_LOADER = "$(TEST_HOST)";
				CODE_SIGN_STYLE = Automatic;
				DEVELOPMENT_TEAM = J79Y624FJX;
				INFOPLIST_FILE = essaiTraTests/Info.plist;
				LD_RUNPATH_SEARCH_PATHS = (
					"$(inherited)",
					"@executable_path/Frameworks",
					"@loader_path/Frameworks",
				);
				PRODUCT_BUNDLE_IDENTIFIER = devdreams.essaiTraTests;
				PRODUCT_NAME = "$(TARGET_NAME)";
				SWIFT_VERSION = 4.2;
				TARGETED_DEVICE_FAMILY = "1,2";
				TEST_HOST = "$(BUILT_PRODUCTS_DIR)/essaiTra.app/essaiTra";
			};
			name = Release;
		};
/* End XCBuildConfiguration section */

/* Begin XCConfigurationList section */
		C10ECBAC2240E5F9005533FB /* Build configuration list for PBXProject "essaiTra" */ = {
			isa = XCConfigurationList;
			buildConfigurations = (
				C10ECBCC2240E5FB005533FB /* Debug */,
				C10ECBCD2240E5FB005533FB /* Release */,
			);
			defaultConfigurationIsVisible = 0;
			defaultConfigurationName = Release;
		};
		C10ECBCE2240E5FB005533FB /* Build configuration list for PBXNativeTarget "essaiTra" */ = {
			isa = XCConfigurationList;
			buildConfigurations = (
				C10ECBCF2240E5FB005533FB /* Debug */,
				C10ECBD02240E5FB005533FB /* Release */,
			);
			defaultConfigurationIsVisible = 0;
			defaultConfigurationName = Release;
		};
		C10ECBD12240E5FB005533FB /* Build configuration list for PBXNativeTarget "essaiTraTests" */ = {
			isa = XCConfigurationList;
			buildConfigurations = (
				C10ECBD22240E5FB005533FB /* Debug */,
				C10ECBD32240E5FB005533FB /* Release */,
			);
			defaultConfigurationIsVisible = 0;
			defaultConfigurationName = Release;
		};
/* End XCConfigurationList section */
	};
	rootObject = C10ECBA92240E5F9005533FB /* Project object */;
}
